
Microsoft Visual Studio Solution File, Format Version 12.00
# Visual Studio 15
VisualStudioVersion = 15.0.28307.757
MinimumVisualStudioVersion = 10.0.40219.1
Project("{FAE04EC0-301F-11D3-BF4B-00C04F79EFBC}") = "CICDContainers-Demo02", "CICDContainers-Demo02\CICDContainers-Demo02.csproj", "{96EA53F4-7DC6-4ADF-B88B-07471C4C0609}"
EndProject
Global
	GlobalSection(SolutionConfigurationPlatforms) = preSolution
		Debug|Any CPU = Debug|Any CPU
		Release|Any CPU = Release|Any CPU
	EndGlobalSection
	GlobalSection(ProjectConfigurationPlatforms) = postSolution
		{96EA53F4-7DC6-4ADF-B88B-07471C4C0609}.Debug|Any CPU.ActiveCfg = Debug|Any CPU
		{96EA53F4-7DC6-4ADF-B88B-07471C4C0609}.Debug|Any CPU.Build.0 = Debug|Any CPU
		{96EA53F4-7DC6-4ADF-B88B-07471C4C0609}.Release|Any CPU.ActiveCfg = Release|Any CPU
		{96EA53F4-7DC6-4ADF-B88B-07471C4C0609}.Release|Any CPU.Build.0 = Release|Any CPU
	EndGlobalSection
	GlobalSection(SolutionProperties) = preSolution
		HideSolutionNode = FALSE
	EndGlobalSection
	GlobalSection(ExtensibilityGlobals) = postSolution
		SolutionGuid = {39E73B05-357F-49FA-BA0D-E1483C101EA5}
	EndGlobalSection
EndGlobal
